
Microsoft Visual Studio Solution File, Format Version 12.00
# Visual Studio Version 17
VisualStudioVersion = 17.11.35208.52
MinimumVisualStudioVersion = 10.0.40219.1
Project("{FAE04EC0-301F-11D3-BF4B-00C04F79EFBC}") = "SignalRdemo", "SignalRdemo.csproj", "{7E88990E-865B-45D1-B698-F74A348A74FC}"
EndProject
Project("{FAE04EC0-301F-11D3-BF4B-00C04F79EFBC}") = "SignalRConsumer", "..\SignalRConsumer\SignalRConsumer.csproj", "{67FEE452-A735-47A4-91C4-5E541ACA045A}"
EndProject
Global
	GlobalSection(SolutionConfigurationPlatforms) = preSolution
		Debug|Any CPU = Debug|Any CPU
		Release|Any CPU = Release|Any CPU
	EndGlobalSection
	GlobalSection(ProjectConfigurationPlatforms) = postSolution
		{7E88990E-865B-45D1-B698-F74A348A74FC}.Debug|Any CPU.ActiveCfg = Debug|Any CPU
		{7E88990E-865B-45D1-B698-F74A348A74FC}.Debug|Any CPU.Build.0 = Debug|Any CPU
		{7E88990E-865B-45D1-B698-F74A348A74FC}.Release|Any CPU.ActiveCfg = Release|Any CPU
		{7E88990E-865B-45D1-B698-F74A348A74FC}.Release|Any CPU.Build.0 = Release|Any CPU
		{67FEE452-A735-47A4-91C4-5E541ACA045A}.Debug|Any CPU.ActiveCfg = Debug|Any CPU
		{67FEE452-A735-47A4-91C4-5E541ACA045A}.Debug|Any CPU.Build.0 = Debug|Any CPU
		{67FEE452-A735-47A4-91C4-5E541ACA045A}.Release|Any CPU.ActiveCfg = Release|Any CPU
		{67FEE452-A735-47A4-91C4-5E541ACA045A}.Release|Any CPU.Build.0 = Release|Any CPU
	EndGlobalSection
	GlobalSection(SolutionProperties) = preSolution
		HideSolutionNode = FALSE
	EndGlobalSection
	GlobalSection(ExtensibilityGlobals) = postSolution
		SolutionGuid = {217C1AE6-0FAD-47EB-B0AA-0BD54099773C}
	EndGlobalSection
EndGlobal
